
Microsoft Visual Studio Solution File, Format Version 12.00
# Visual Studio Version 17
VisualStudioVersion = 17.14.36623.8 d17.14
MinimumVisualStudioVersion = 10.0.40219.1
Project("{FAE04EC0-301F-11D3-BF4B-00C04F79EFBC}") = "RmaTracker", "RmaTracker.csproj", "{44B0D4FC-DCF7-E1AE-B023-D826F934FF32}"
EndProject
Global
	GlobalSection(SolutionConfigurationPlatforms) = preSolution
		Debug|Any CPU = Debug|Any CPU
		Release|Any CPU = Release|Any CPU
	EndGlobalSection
	GlobalSection(ProjectConfigurationPlatforms) = postSolution
		{44B0D4FC-DCF7-E1AE-B023-D826F934FF32}.Debug|Any CPU.ActiveCfg = Debug|Any CPU
		{44B0D4FC-DCF7-E1AE-B023-D826F934FF32}.Debug|Any CPU.Build.0 = Debug|Any CPU
		{44B0D4FC-DCF7-E1AE-B023-D826F934FF32}.Release|Any CPU.ActiveCfg = Release|Any CPU
		{44B0D4FC-DCF7-E1AE-B023-D826F934FF32}.Release|Any CPU.Build.0 = Release|Any CPU
	EndGlobalSection
	GlobalSection(SolutionProperties) = preSolution
		HideSolutionNode = FALSE
	EndGlobalSection
	GlobalSection(ExtensibilityGlobals) = postSolution
		SolutionGuid = {6066D4A1-CC56-4971-ADE0-B1DBD60C912E}
	EndGlobalSection
EndGlobal
